
Microsoft Visual Studio Solution File, Format Version 12.00
# Visual Studio Version 17
VisualStudioVersion = 17.5.002.0
MinimumVisualStudioVersion = 10.0.40219.1
Project("{9A19103F-16F7-4668-BE54-9A1E7A4F7556}") = "DataHelpers", "DataHelpers.csproj", "{FE64344E-6C79-452A-B915-4B207D73E0EE}"
EndProject
Global
	GlobalSection(SolutionConfigurationPlatforms) = preSolution
		Debug|Any CPU = Debug|Any CPU
		Release|Any CPU = Release|Any CPU
	EndGlobalSection
	GlobalSection(ProjectConfigurationPlatforms) = postSolution
		{FE64344E-6C79-452A-B915-4B207D73E0EE}.Debug|Any CPU.ActiveCfg = Debug|Any CPU
		{FE64344E-6C79-452A-B915-4B207D73E0EE}.Debug|Any CPU.Build.0 = Debug|Any CPU
		{FE64344E-6C79-452A-B915-4B207D73E0EE}.Release|Any CPU.ActiveCfg = Release|Any CPU
		{FE64344E-6C79-452A-B915-4B207D73E0EE}.Release|Any CPU.Build.0 = Release|Any CPU
	EndGlobalSection
	GlobalSection(SolutionProperties) = preSolution
		HideSolutionNode = FALSE
	EndGlobalSection
	GlobalSection(ExtensibilityGlobals) = postSolution
		SolutionGuid = {24889E12-75E4-4A1C-9653-0F8C52184A33}
	EndGlobalSection
EndGlobal
